
Microsoft Visual Studio Solution File, Format Version 12.00
# Visual Studio Version 17
VisualStudioVersion = 17.4.33205.214
MinimumVisualStudioVersion = 10.0.40219.1
Project("{FAE04EC0-301F-11D3-BF4B-00C04F79EFBC}") = "MazeAlgorithm", "MazeAlgorithm\MazeAlgorithm.csproj", "{E838EBF9-6D0B-4494-8B46-8171D23E60E6}"
EndProject
Project("{FAE04EC0-301F-11D3-BF4B-00C04F79EFBC}") = "MazeAlgorithm.Demo", "MazeAlgorithm.Demo\MazeAlgorithm.Demo.csproj", "{ED10CBFD-78A3-43CF-87D7-FB5173CC7C60}"
EndProject
Project("{FAE04EC0-301F-11D3-BF4B-00C04F79EFBC}") = "MazeAlgorithm.Demo.Old", "MazeAlgorithm.Demo.Old\MazeAlgorithm.Demo.Old.csproj", "{E0F19186-D3BA-40EB-93E5-0914882B5E61}"
EndProject
Global
	GlobalSection(SolutionConfigurationPlatforms) = preSolution
		Debug|Any CPU = Debug|Any CPU
		Release|Any CPU = Release|Any CPU
	EndGlobalSection
	GlobalSection(ProjectConfigurationPlatforms) = postSolution
		{E838EBF9-6D0B-4494-8B46-8171D23E60E6}.Debug|Any CPU.ActiveCfg = Debug|Any CPU
		{E838EBF9-6D0B-4494-8B46-8171D23E60E6}.Debug|Any CPU.Build.0 = Debug|Any CPU
		{E838EBF9-6D0B-4494-8B46-8171D23E60E6}.Release|Any CPU.ActiveCfg = Release|Any CPU
		{E838EBF9-6D0B-4494-8B46-8171D23E60E6}.Release|Any CPU.Build.0 = Release|Any CPU
		{ED10CBFD-78A3-43CF-87D7-FB5173CC7C60}.Debug|Any CPU.ActiveCfg = Debug|Any CPU
		{ED10CBFD-78A3-43CF-87D7-FB5173CC7C60}.Debug|Any CPU.Build.0 = Debug|Any CPU
		{ED10CBFD-78A3-43CF-87D7-FB5173CC7C60}.Release|Any CPU.ActiveCfg = Release|Any CPU
		{ED10CBFD-78A3-43CF-87D7-FB5173CC7C60}.Release|Any CPU.Build.0 = Release|Any CPU
		{E0F19186-D3BA-40EB-93E5-0914882B5E61}.Debug|Any CPU.ActiveCfg = Debug|Any CPU
		{E0F19186-D3BA-40EB-93E5-0914882B5E61}.Debug|Any CPU.Build.0 = Debug|Any CPU
		{E0F19186-D3BA-40EB-93E5-0914882B5E61}.Release|Any CPU.ActiveCfg = Release|Any CPU
		{E0F19186-D3BA-40EB-93E5-0914882B5E61}.Release|Any CPU.Build.0 = Release|Any CPU
	EndGlobalSection
	GlobalSection(SolutionProperties) = preSolution
		HideSolutionNode = FALSE
	EndGlobalSection
	GlobalSection(ExtensibilityGlobals) = postSolution
		SolutionGuid = {BEE0B8D5-7726-416C-96BA-555C89358465}
	EndGlobalSection
EndGlobal
