
Microsoft Visual Studio Solution File, Format Version 12.00
# Visual Studio Version 17
VisualStudioVersion = 17.4.33205.214
MinimumVisualStudioVersion = 10.0.40219.1
Project("{FAE04EC0-301F-11D3-BF4B-00C04F79EFBC}") = "ControlMemberWrapper", "ControlMemberWrapper\ControlMemberWrapper.csproj", "{FC68B65F-0597-4336-A562-1569118F4683}"
EndProject
Global
	GlobalSection(SolutionConfigurationPlatforms) = preSolution
		Debug|Any CPU = Debug|Any CPU
		Release|Any CPU = Release|Any CPU
	EndGlobalSection
	GlobalSection(ProjectConfigurationPlatforms) = postSolution
		{FC68B65F-0597-4336-A562-1569118F4683}.Debug|Any CPU.ActiveCfg = Debug|Any CPU
		{FC68B65F-0597-4336-A562-1569118F4683}.Debug|Any CPU.Build.0 = Debug|Any CPU
		{FC68B65F-0597-4336-A562-1569118F4683}.Release|Any CPU.ActiveCfg = Release|Any CPU
		{FC68B65F-0597-4336-A562-1569118F4683}.Release|Any CPU.Build.0 = Release|Any CPU
	EndGlobalSection
	GlobalSection(SolutionProperties) = preSolution
		HideSolutionNode = FALSE
	EndGlobalSection
	GlobalSection(ExtensibilityGlobals) = postSolution
		SolutionGuid = {D485CB9E-9648-4E35-863A-B6B8DC29508E}
	EndGlobalSection
EndGlobal
